
Microsoft Visual Studio Solution File, Format Version 12.00
# Visual Studio Version 17
VisualStudioVersion = 17.4.33122.133
MinimumVisualStudioVersion = 10.0.40219.1
Project("{FAE04EC0-301F-11D3-BF4B-00C04F79EFBC}") = "ArrayAlgorithms", "ArrayAlgorithms\ArrayAlgorithms.csproj", "{DBF4AF81-709C-42DC-8F21-85875D63A5B8}"
EndProject
Global
	GlobalSection(SolutionConfigurationPlatforms) = preSolution
		Debug|Any CPU = Debug|Any CPU
		Release|Any CPU = Release|Any CPU
	EndGlobalSection
	GlobalSection(ProjectConfigurationPlatforms) = postSolution
		{DBF4AF81-709C-42DC-8F21-85875D63A5B8}.Debug|Any CPU.ActiveCfg = Debug|Any CPU
		{DBF4AF81-709C-42DC-8F21-85875D63A5B8}.Debug|Any CPU.Build.0 = Debug|Any CPU
		{DBF4AF81-709C-42DC-8F21-85875D63A5B8}.Release|Any CPU.ActiveCfg = Release|Any CPU
		{DBF4AF81-709C-42DC-8F21-85875D63A5B8}.Release|Any CPU.Build.0 = Release|Any CPU
	EndGlobalSection
	GlobalSection(SolutionProperties) = preSolution
		HideSolutionNode = FALSE
	EndGlobalSection
	GlobalSection(ExtensibilityGlobals) = postSolution
		SolutionGuid = {16F4E4D6-B5BB-4247-8076-39185A1AC628}
	EndGlobalSection
EndGlobal
